// !$*UTF8*$!
{
	archiveVersion = 1;
	classes = {
	};
	objectVersion = 50;
	objects = {

/* Begin PBXBuildFile section */
		0639029E25166D2A0055B043 /* AppDelegate.swift in Sources */ = {isa = PBXBuildFile; fileRef = 0639029D25166D2A0055B043 /* AppDelegate.swift */; };
		063902A025166D2A0055B043 /* SceneDelegate.swift in Sources */ = {isa = PBXBuildFile; fileRef = 0639029F25166D2A0055B043 /* SceneDelegate.swift */; };
		063902A225166D2A0055B043 /* ViewController.swift in Sources */ = {isa = PBXBuildFile; fileRef = 063902A125166D2A0055B043 /* ViewController.swift */; };
		063902A525166D2A0055B043 /* Main.storyboard in Resources */ = {isa = PBXBuildFile; fileRef = 063902A325166D2A0055B043 /* Main.storyboard */; };
		063902A725166D2B0055B043 /* Assets.xcassets in Resources */ = {isa = PBXBuildFile; fileRef = 063902A625166D2B0055B043 /* Assets.xcassets */; };
		063902AA25166D2B0055B043 /* LaunchScreen.storyboard in Resources */ = {isa = PBXBuildFile; fileRef = 063902A825166D2B0055B043 /* LaunchScreen.storyboard */; };
		063902B02516706F0055B043 /* LoginView.swift in Sources */ = {isa = PBXBuildFile; fileRef = 063902AF2516706F0055B043 /* LoginView.swift */; };
		84AEA50A26AB0F53008D18E7 /* ProfileViewController.swift in Sources */ = {isa = PBXBuildFile; fileRef = 84AEA50926AB0F53008D18E7 /* ProfileViewController.swift */; };
		84AEA51626AB1830008D18E7 /* CheckingView.swift in Sources */ = {isa = PBXBuildFile; fileRef = 84AEA51526AB1830008D18E7 /* CheckingView.swift */; };
		84AEA51B26AB1841008D18E7 /* SignUpView.swift in Sources */ = {isa = PBXBuildFile; fileRef = 84AEA51A26AB1841008D18E7 /* SignUpView.swift */; };
/* End PBXBuildFile section */

/* Begin PBXFileReference section */
		0639029B25166D2A0055B043 /* LoginApp.app */ = {isa = PBXFileReference; explicitFileType = wrapper.application; includeInIndex = 0; path = LoginApp.app; sourceTree = BUILT_PRODUCTS_DIR; };
		0639029D25166D2A0055B043 /* AppDelegate.swift */ = {isa = PBXFileReference; lastKnownFileType = sourcecode.swift; path = AppDelegate.swift; sourceTree = "<group>"; };
		0639029F25166D2A0055B043 /* SceneDelegate.swift */ = {isa = PBXFileReference; lastKnownFileType = sourcecode.swift; path = SceneDelegate.swift; sourceTree = "<group>"; };
		063902A125166D2A0055B043 /* ViewController.swift */ = {isa = PBXFileReference; lastKnownFileType = sourcecode.swift; path = ViewController.swift; sourceTree = "<group>"; };
		063902A425166D2A0055B043 /* Base */ = {isa = PBXFileReference; lastKnownFileType = file.storyboard; name = Base; path = Base.lproj/Main.storyboard; sourceTree = "<group>"; };
		063902A625166D2B0055B043 /* Assets.xcassets */ = {isa = PBXFileReference; lastKnownFileType = folder.assetcatalog; path = Assets.xcassets; sourceTree = "<group>"; };
		063902A925166D2B0055B043 /* Base */ = {isa = PBXFileReference; lastKnownFileType = file.storyboard; name = Base; path = Base.lproj/LaunchScreen.storyboard; sourceTree = "<group>"; };
		063902AB25166D2B0055B043 /* Info.plist */ = {isa = PBXFileReference; lastKnownFileType = text.plist.xml; path = Info.plist; sourceTree = "<group>"; };
		063902AF2516706F0055B043 /* LoginView.swift */ = {isa = PBXFileReference; lastKnownFileType = sourcecode.swift; path = LoginView.swift; sourceTree = "<group>"; };
		23BE4D0B250FBCED000105F4 /* HelloWorld.app */ = {isa = PBXFileReference; explicitFileType = wrapper.application; includeInIndex = 0; path = HelloWorld.app; sourceTree = BUILT_PRODUCTS_DIR; };
		23BE4D26250FBEC8000105F4 /* MySecondProject.app */ = {isa = PBXFileReference; explicitFileType = wrapper.application; includeInIndex = 0; path = MySecondProject.app; sourceTree = BUILT_PRODUCTS_DIR; };
		84AEA50926AB0F53008D18E7 /* ProfileViewController.swift */ = {isa = PBXFileReference; lastKnownFileType = sourcecode.swift; path = ProfileViewController.swift; sourceTree = "<group>"; };
		84AEA51526AB1830008D18E7 /* CheckingView.swift */ = {isa = PBXFileReference; fileEncoding = 4; lastKnownFileType = sourcecode.swift; path = CheckingView.swift; sourceTree = "<group>"; };
		84AEA51A26AB1841008D18E7 /* SignUpView.swift */ = {isa = PBXFileReference; fileEncoding = 4; lastKnownFileType = sourcecode.swift; path = SignUpView.swift; sourceTree = "<group>"; };
/* End PBXFileReference section */

/* Begin PBXFrameworksBuildPhase section */
		0639029825166D2A0055B043 /* Frameworks */ = {
			isa = PBXFrameworksBuildPhase;
			buildActionMask = 2147483647;
			files = (
			);
			runOnlyForDeploymentPostprocessing = 0;
		};
		23BE4D08250FBCED000105F4 /* Frameworks */ = {
			isa = PBXFrameworksBuildPhase;
			buildActionMask = 2147483647;
			files = (
			);
			runOnlyForDeploymentPostprocessing = 0;
		};
		23BE4D23250FBEC8000105F4 /* Frameworks */ = {
			isa = PBXFrameworksBuildPhase;
			buildActionMask = 2147483647;
			files = (
			);
			runOnlyForDeploymentPostprocessing = 0;
		};
/* End PBXFrameworksBuildPhase section */

/* Begin PBXGroup section */
		0639029C25166D2A0055B043 /* LoginApp */ = {
			isa = PBXGroup;
			children = (
				0639029D25166D2A0055B043 /* AppDelegate.swift */,
				0639029F25166D2A0055B043 /* SceneDelegate.swift */,
				063902A125166D2A0055B043 /* ViewController.swift */,
				063902A325166D2A0055B043 /* Main.storyboard */,
				063902A625166D2B0055B043 /* Assets.xcassets */,
				063902A825166D2B0055B043 /* LaunchScreen.storyboard */,
				063902AB25166D2B0055B043 /* Info.plist */,
				84AEA51526AB1830008D18E7 /* CheckingView.swift */,
				84AEA51A26AB1841008D18E7 /* SignUpView.swift */,
				063902AF2516706F0055B043 /* LoginView.swift */,
				84AEA50926AB0F53008D18E7 /* ProfileViewController.swift */,
			);
			path = LoginApp;
			sourceTree = "<group>";
		};
		23BE4D02250FBCED000105F4 = {
			isa = PBXGroup;
			children = (
				0639029C25166D2A0055B043 /* LoginApp */,
				23BE4D0C250FBCED000105F4 /* Products */,
			);
			sourceTree = "<group>";
		};
		23BE4D0C250FBCED000105F4 /* Products */ = {
			isa = PBXGroup;
			children = (
				23BE4D0B250FBCED000105F4 /* HelloWorld.app */,
				23BE4D26250FBEC8000105F4 /* MySecondProject.app */,
				0639029B25166D2A0055B043 /* LoginApp.app */,
			);
			name = Products;
			sourceTree = "<group>";
		};
/* End PBXGroup section */

/* Begin PBXNativeTarget section */
		0639029A25166D2A0055B043 /* LoginApp */ = {
			isa = PBXNativeTarget;
			buildConfigurationList = 063902AE25166D2B0055B043 /* Build configuration list for PBXNativeTarget "LoginApp" */;
			buildPhases = (
				0639029725166D2A0055B043 /* Sources */,
				0639029825166D2A0055B043 /* Frameworks */,
				0639029925166D2A0055B043 /* Resources */,
			);
			buildRules = (
			);
			dependencies = (
			);
			name = LoginApp;
			productName = LoginApp;
			productReference = 0639029B25166D2A0055B043 /* LoginApp.app */;
			productType = "com.apple.product-type.application";
		};
		23BE4D0A250FBCED000105F4 /* MyFirstProject */ = {
			isa = PBXNativeTarget;
			buildConfigurationList = 23BE4D1F250FBCF1000105F4 /* Build configuration list for PBXNativeTarget "MyFirstProject" */;
			buildPhases = (
				23BE4D07250FBCED000105F4 /* Sources */,
				23BE4D08250FBCED000105F4 /* Frameworks */,
				23BE4D09250FBCED000105F4 /* Resources */,
			);
			buildRules = (
			);
			dependencies = (
			);
			name = MyFirstProject;
			productName = MyFirstProject;
			productReference = 23BE4D0B250FBCED000105F4 /* HelloWorld.app */;
			productType = "com.apple.product-type.application";
		};
		23BE4D25250FBEC8000105F4 /* MySecondProject */ = {
			isa = PBXNativeTarget;
			buildConfigurationList = 23BE4D37250FBEC9000105F4 /* Build configuration list for PBXNativeTarget "MySecondProject" */;
			buildPhases = (
				23BE4D22250FBEC8000105F4 /* Sources */,
				23BE4D23250FBEC8000105F4 /* Frameworks */,
				23BE4D24250FBEC8000105F4 /* Resources */,
			);
			buildRules = (
			);
			dependencies = (
			);
			name = MySecondProject;
			productName = MySecondProject;
			productReference = 23BE4D26250FBEC8000105F4 /* MySecondProject.app */;
			productType = "com.apple.product-type.application";
		};
/* End PBXNativeTarget section */

/* Begin PBXProject section */
		23BE4D03250FBCED000105F4 /* Project object */ = {
			isa = PBXProject;
			attributes = {
				LastSwiftUpdateCheck = 1150;
				LastUpgradeCheck = 1170;
				ORGANIZATIONNAME = "Amir Zigangaraev";
				TargetAttributes = {
					0639029A25166D2A0055B043 = {
						CreatedOnToolsVersion = 11.5;
					};
					23BE4D0A250FBCED000105F4 = {
						CreatedOnToolsVersion = 11.7;
					};
					23BE4D25250FBEC8000105F4 = {
						CreatedOnToolsVersion = 11.7;
					};
				};
			};
			buildConfigurationList = 23BE4D06250FBCED000105F4 /* Build configuration list for PBXProject "MyFirstProject" */;
			compatibilityVersion = "Xcode 9.3";
			developmentRegion = en;
			hasScannedForEncodings = 0;
			knownRegions = (
				en,
				Base,
			);
			mainGroup = 23BE4D02250FBCED000105F4;
			productRefGroup = 23BE4D0C250FBCED000105F4 /* Products */;
			projectDirPath = "";
			projectRoot = "";
			targets = (
				23BE4D0A250FBCED000105F4 /* MyFirstProject */,
				23BE4D25250FBEC8000105F4 /* MySecondProject */,
				0639029A25166D2A0055B043 /* LoginApp */,
			);
		};
/* End PBXProject section */

/* Begin PBXResourcesBuildPhase section */
		0639029925166D2A0055B043 /* Resources */ = {
			isa = PBXResourcesBuildPhase;
			buildActionMask = 2147483647;
			files = (
				063902AA25166D2B0055B043 /* LaunchScreen.storyboard in Resources */,
				063902A725166D2B0055B043 /* Assets.xcassets in Resources */,
				063902A525166D2A0055B043 /* Main.storyboard in Resources */,
			);
			runOnlyForDeploymentPostprocessing = 0;
		};
		23BE4D09250FBCED000105F4 /* Resources */ = {
			isa = PBXResourcesBuildPhase;
			buildActionMask = 2147483647;
			files = (
			);
			runOnlyForDeploymentPostprocessing = 0;
		};
		23BE4D24250FBEC8000105F4 /* Resources */ = {
			isa = PBXResourcesBuildPhase;
			buildActionMask = 2147483647;
			files = (
			);
			runOnlyForDeploymentPostprocessing = 0;
		};
/* End PBXResourcesBuildPhase section */

/* Begin PBXSourcesBuildPhase section */
		0639029725166D2A0055B043 /* Sources */ = {
			isa = PBXSourcesBuildPhase;
			buildActionMask = 2147483647;
			files = (
				063902A225166D2A0055B043 /* ViewController.swift in Sources */,
				0639029E25166D2A0055B043 /* AppDelegate.swift in Sources */,
				063902B02516706F0055B043 /* LoginView.swift in Sources */,
				84AEA51B26AB1841008D18E7 /* SignUpView.swift in Sources */,
				84AEA50A26AB0F53008D18E7 /* ProfileViewController.swift in Sources */,
				84AEA51626AB1830008D18E7 /* CheckingView.swift in Sources */,
				063902A025166D2A0055B043 /* SceneDelegate.swift in Sources */,
			);
			runOnlyForDeploymentPostprocessing = 0;
		};
		23BE4D07250FBCED000105F4 /* Sources */ = {
			isa = PBXSourcesBuildPhase;
			buildActionMask = 2147483647;
			files = (
			);
			runOnlyForDeploymentPostprocessing = 0;
		};
		23BE4D22250FBEC8000105F4 /* Sources */ = {
			isa = PBXSourcesBuildPhase;
			buildActionMask = 2147483647;
			files = (
			);
			runOnlyForDeploymentPostprocessing = 0;
		};
/* End PBXSourcesBuildPhase section */

/* Begin PBXVariantGroup section */
		063902A325166D2A0055B043 /* Main.storyboard */ = {
			isa = PBXVariantGroup;
			children = (
				063902A425166D2A0055B043 /* Base */,
			);
			name = Main.storyboard;
			sourceTree = "<group>";
		};
		063902A825166D2B0055B043 /* LaunchScreen.storyboard */ = {
			isa = PBXVariantGroup;
			children = (
				063902A925166D2B0055B043 /* Base */,
			);
			name = LaunchScreen.storyboard;
			sourceTree = "<group>";
		};
/* End PBXVariantGroup section */

/* Begin XCBuildConfiguration section */
		063902AC25166D2B0055B043 /* Debug */ = {
			isa = XCBuildConfiguration;
			buildSettings = {
				ASSETCATALOG_COMPILER_APPICON_NAME = AppIcon;
				CODE_SIGN_STYLE = Automatic;
				INFOPLIST_FILE = LoginApp/Info.plist;
				IPHONEOS_DEPLOYMENT_TARGET = 13.5;
				LD_RUNPATH_SEARCH_PATHS = (
					"$(inherited)",
					"@executable_path/Frameworks",
				);
				PRODUCT_BUNDLE_IDENTIFIER = itis.LoginApp;
				PRODUCT_NAME = "$(TARGET_NAME)";
				SWIFT_VERSION = 5.0;
				TARGETED_DEVICE_FAMILY = "1,2";
			};
			name = Debug;
		};
		063902AD25166D2B0055B043 /* Release */ = {
			isa = XCBuildConfiguration;
			buildSettings = {
				ASSETCATALOG_COMPILER_APPICON_NAME = AppIcon;
				CODE_SIGN_STYLE = Automatic;
				INFOPLIST_FILE = LoginApp/Info.plist;
				IPHONEOS_DEPLOYMENT_TARGET = 13.5;
				LD_RUNPATH_SEARCH_PATHS = (
					"$(inherited)",
					"@executable_path/Frameworks",
				);
				PRODUCT_BUNDLE_IDENTIFIER = itis.LoginApp;
				PRODUCT_NAME = "$(TARGET_NAME)";
				SWIFT_VERSION = 5.0;
				TARGETED_DEVICE_FAMILY = "1,2";
			};
			name = Release;
		};
		23BE4D1D250FBCF1000105F4 /* Debug */ = {
			isa = XCBuildConfiguration;
			buildSettings = {
				ALWAYS_SEARCH_USER_PATHS = NO;
				CLANG_ANALYZER_NONNULL = YES;
				CLANG_ANALYZER_NUMBER_OBJECT_CONVERSION = YES_AGGRESSIVE;
				CLANG_CXX_LANGUAGE_STANDARD = "gnu++14";
				CLANG_CXX_LIBRARY = "libc++";
				CLANG_ENABLE_MODULES = YES;
				CLANG_ENABLE_OBJC_ARC = YES;
				CLANG_ENABLE_OBJC_WEAK = YES;
				CLANG_WARN_BLOCK_CAPTURE_AUTORELEASING = YES;
				CLANG_WARN_BOOL_CONVERSION = YES;
				CLANG_WARN_COMMA = YES;
				CLANG_WARN_CONSTANT_CONVERSION = YES;
				CLANG_WARN_DEPRECATED_OBJC_IMPLEMENTATIONS = YES;
				CLANG_WARN_DIRECT_OBJC_ISA_USAGE = YES_ERROR;
				CLANG_WARN_DOCUMENTATION_COMMENTS = YES;
				CLANG_WARN_EMPTY_BODY = YES;
				CLANG_WARN_ENUM_CONVERSION = YES;
				CLANG_WARN_INFINITE_RECURSION = YES;
				CLANG_WARN_INT_CONVERSION = YES;
				CLANG_WARN_NON_LITERAL_NULL_CONVERSION = YES;
				CLANG_WARN_OBJC_IMPLICIT_RETAIN_SELF = YES;
				CLANG_WARN_OBJC_LITERAL_CONVERSION = YES;
				CLANG_WARN_OBJC_ROOT_CLASS = YES_ERROR;
				CLANG_WARN_RANGE_LOOP_ANALYSIS = YES;
				CLANG_WARN_STRICT_PROTOTYPES = YES;
				CLANG_WARN_SUSPICIOUS_MOVE = YES;
				CLANG_WARN_UNGUARDED_AVAILABILITY = YES_AGGRESSIVE;
				CLANG_WARN_UNREACHABLE_CODE = YES;
				CLANG_WARN__DUPLICATE_METHOD_MATCH = YES;
				COPY_PHASE_STRIP = NO;
				DEBUG_INFORMATION_FORMAT = dwarf;
				ENABLE_STRICT_OBJC_MSGSEND = YES;
				ENABLE_TESTABILITY = YES;
				GCC_C_LANGUAGE_STANDARD = gnu11;
				GCC_DYNAMIC_NO_PIC = NO;
				GCC_NO_COMMON_BLOCKS = YES;
				GCC_OPTIMIZATION_LEVEL = 0;
				GCC_PREPROCESSOR_DEFINITIONS = (
					"DEBUG=1",
					"$(inherited)",
				);
				GCC_WARN_64_TO_32_BIT_CONVERSION = YES;
				GCC_WARN_ABOUT_RETURN_TYPE = YES_ERROR;
				GCC_WARN_UNDECLARED_SELECTOR = YES;
				GCC_WARN_UNINITIALIZED_AUTOS = YES_AGGRESSIVE;
				GCC_WARN_UNUSED_FUNCTION = YES;
				GCC_WARN_UNUSED_VARIABLE = YES;
				IPHONEOS_DEPLOYMENT_TARGET = 13.7;
				MTL_ENABLE_DEBUG_INFO = INCLUDE_SOURCE;
				MTL_FAST_MATH = YES;
				ONLY_ACTIVE_ARCH = YES;
				SDKROOT = iphoneos;
				SWIFT_ACTIVE_COMPILATION_CONDITIONS = DEBUG;
				SWIFT_OPTIMIZATION_LEVEL = "-Onone";
			};
			name = Debug;
		};
		23BE4D1E250FBCF1000105F4 /* Release */ = {
			isa = XCBuildConfiguration;
			buildSettings = {
				ALWAYS_SEARCH_USER_PATHS = NO;
				CLANG_ANALYZER_NONNULL = YES;
				CLANG_ANALYZER_NUMBER_OBJECT_CONVERSION = YES_AGGRESSIVE;
				CLANG_CXX_LANGUAGE_STANDARD = "gnu++14";
				CLANG_CXX_LIBRARY = "libc++";
				CLANG_ENABLE_MODULES = YES;
				CLANG_ENABLE_OBJC_ARC = YES;
				CLANG_ENABLE_OBJC_WEAK = YES;
				CLANG_WARN_BLOCK_CAPTURE_AUTORELEASING = YES;
				CLANG_WARN_BOOL_CONVERSION = YES;
				CLANG_WARN_COMMA = YES;
				CLANG_WARN_CONSTANT_CONVERSION = YES;
				CLANG_WARN_DEPRECATED_OBJC_IMPLEMENTATIONS = YES;
				CLANG_WARN_DIRECT_OBJC_ISA_USAGE = YES_ERROR;
				CLANG_WARN_DOCUMENTATION_COMMENTS = YES;
				CLANG_WARN_EMPTY_BODY = YES;
				CLANG_WARN_ENUM_CONVERSION = YES;
				CLANG_WARN_INFINITE_RECURSION = YES;
				CLANG_WARN_INT_CONVERSION = YES;
				CLANG_WARN_NON_LITERAL_NULL_CONVERSION = YES;
				CLANG_WARN_OBJC_IMPLICIT_RETAIN_SELF = YES;
				CLANG_WARN_OBJC_LITERAL_CONVERSION = YES;
				CLANG_WARN_OBJC_ROOT_CLASS = YES_ERROR;
				CLANG_WARN_RANGE_LOOP_ANALYSIS = YES;
				CLANG_WARN_STRICT_PROTOTYPES = YES;
				CLANG_WARN_SUSPICIOUS_MOVE = YES;
				CLANG_WARN_UNGUARDED_AVAILABILITY = YES_AGGRESSIVE;
				CLANG_WARN_UNREACHABLE_CODE = YES;
				CLANG_WARN__DUPLICATE_METHOD_MATCH = YES;
				COPY_PHASE_STRIP = NO;
				DEBUG_INFORMATION_FORMAT = "dwarf-with-dsym";
				ENABLE_NS_ASSERTIONS = NO;
				ENABLE_STRICT_OBJC_MSGSEND = YES;
				GCC_C_LANGUAGE_STANDARD = gnu11;
				GCC_NO_COMMON_BLOCKS = YES;
				GCC_WARN_64_TO_32_BIT_CONVERSION = YES;
				GCC_WARN_ABOUT_RETURN_TYPE = YES_ERROR;
				GCC_WARN_UNDECLARED_SELECTOR = YES;
				GCC_WARN_UNINITIALIZED_AUTOS = YES_AGGRESSIVE;
				GCC_WARN_UNUSED_FUNCTION = YES;
				GCC_WARN_UNUSED_VARIABLE = YES;
				IPHONEOS_DEPLOYMENT_TARGET = 13.7;
				MTL_ENABLE_DEBUG_INFO = NO;
				MTL_FAST_MATH = YES;
				SDKROOT = iphoneos;
				SWIFT_COMPILATION_MODE = wholemodule;
				SWIFT_OPTIMIZATION_LEVEL = "-O";
				VALIDATE_PRODUCT = YES;
			};
			name = Release;
		};
		23BE4D20250FBCF1000105F4 /* Debug */ = {
			isa = XCBuildConfiguration;
			buildSettings = {
				ASSETCATALOG_COMPILER_APPICON_NAME = AppIcon;
				CODE_SIGN_STYLE = Automatic;
				DEVELOPMENT_TEAM = J62PVJ69GK;
				INFOPLIST_FILE = MyFirstProject/Info.plist;
				IPHONEOS_DEPLOYMENT_TARGET = 13.7;
				LD_RUNPATH_SEARCH_PATHS = (
					"$(inherited)",
					"@executable_path/Frameworks",
				);
				PRODUCT_BUNDLE_IDENTIFIER = "";
				PRODUCT_NAME = HelloWorld;
				SWIFT_VERSION = 5.0;
				TARGETED_DEVICE_FAMILY = 1;
			};
			name = Debug;
		};
		23BE4D21250FBCF1000105F4 /* Release */ = {
			isa = XCBuildConfiguration;
			buildSettings = {
				ASSETCATALOG_COMPILER_APPICON_NAME = AppIcon;
				CODE_SIGN_STYLE = Automatic;
				DEVELOPMENT_TEAM = J62PVJ69GK;
				INFOPLIST_FILE = MyFirstProject/Info.plist;
				IPHONEOS_DEPLOYMENT_TARGET = 13.7;
				LD_RUNPATH_SEARCH_PATHS = (
					"$(inherited)",
					"@executable_path/Frameworks",
				);
				PRODUCT_BUNDLE_IDENTIFIER = "";
				PRODUCT_NAME = HelloWorld;
				SWIFT_VERSION = 5.0;
				TARGETED_DEVICE_FAMILY = 1;
			};
			name = Release;
		};
		23BE4D38250FBEC9000105F4 /* Debug */ = {
			isa = XCBuildConfiguration;
			buildSettings = {
				ASSETCATALOG_COMPILER_APPICON_NAME = AppIcon;
				CODE_SIGN_STYLE = Automatic;
				DEVELOPMENT_TEAM = J62PVJ69GK;
				INFOPLIST_FILE = MySecondProject/Info.plist;
				LD_RUNPATH_SEARCH_PATHS = (
					"$(inherited)",
					"@executable_path/Frameworks",
				);
				PRODUCT_BUNDLE_IDENTIFIER = "";
				PRODUCT_NAME = "$(TARGET_NAME)";
				SWIFT_VERSION = 5.0;
				TARGETED_DEVICE_FAMILY = "1,2";
			};
			name = Debug;
		};
		23BE4D39250FBEC9000105F4 /* Release */ = {
			isa = XCBuildConfiguration;
			buildSettings = {
				ASSETCATALOG_COMPILER_APPICON_NAME = AppIcon;
				CODE_SIGN_STYLE = Automatic;
				DEVELOPMENT_TEAM = J62PVJ69GK;
				INFOPLIST_FILE = MySecondProject/Info.plist;
				LD_RUNPATH_SEARCH_PATHS = (
					"$(inherited)",
					"@executable_path/Frameworks",
				);
				PRODUCT_BUNDLE_IDENTIFIER = "";
				PRODUCT_NAME = "$(TARGET_NAME)";
				SWIFT_VERSION = 5.0;
				TARGETED_DEVICE_FAMILY = "1,2";
			};
			name = Release;
		};
/* End XCBuildConfiguration section */

/* Begin XCConfigurationList section */
		063902AE25166D2B0055B043 /* Build configuration list for PBXNativeTarget "LoginApp" */ = {
			isa = XCConfigurationList;
			buildConfigurations = (
				063902AC25166D2B0055B043 /* Debug */,
				063902AD25166D2B0055B043 /* Release */,
			);
			defaultConfigurationIsVisible = 0;
			defaultConfigurationName = Release;
		};
		23BE4D06250FBCED000105F4 /* Build configuration list for PBXProject "MyFirstProject" */ = {
			isa = XCConfigurationList;
			buildConfigurations = (
				23BE4D1D250FBCF1000105F4 /* Debug */,
				23BE4D1E250FBCF1000105F4 /* Release */,
			);
			defaultConfigurationIsVisible = 0;
			defaultConfigurationName = Release;
		};
		23BE4D1F250FBCF1000105F4 /* Build configuration list for PBXNativeTarget "MyFirstProject" */ = {
			isa = XCConfigurationList;
			buildConfigurations = (
				23BE4D20250FBCF1000105F4 /* Debug */,
				23BE4D21250FBCF1000105F4 /* Release */,
			);
			defaultConfigurationIsVisible = 0;
			defaultConfigurationName = Release;
		};
		23BE4D37250FBEC9000105F4 /* Build configuration list for PBXNativeTarget "MySecondProject" */ = {
			isa = XCConfigurationList;
			buildConfigurations = (
				23BE4D38250FBEC9000105F4 /* Debug */,
				23BE4D39250FBEC9000105F4 /* Release */,
			);
			defaultConfigurationIsVisible = 0;
			defaultConfigurationName = Release;
		};
/* End XCConfigurationList section */
	};
	rootObject = 23BE4D03250FBCED000105F4 /* Project object */;
}
